// !$*UTF8*$!
{
	archiveVersion = 1;
	classes = {
	};
	objectVersion = 70;
	objects = {

/* Begin PBXBuildFile section */
		A82D05F02A522BBB004DC550 /* TalkToMeApp.swift in Sources */ = {isa = PBXBuildFile; fileRef = A82D05EF2A522BBB004DC550 /* TalkToMeApp.swift */; };
		A82D05F22A522BBB004DC550 /* MainView.swift in Sources */ = {isa = PBXBuildFile; fileRef = A82D05F12A522BBB004DC550 /* MainView.swift */; };
		A82D05F42A522BBC004DC550 /* Assets.xcassets in Resources */ = {isa = PBXBuildFile; fileRef = A82D05F32A522BBC004DC550 /* Assets.xcassets */; };
		A82D05F72A522BBC004DC550 /* Preview Assets.xcassets in Resources */ = {isa = PBXBuildFile; fileRef = A82D05F62A522BBC004DC550 /* Preview Assets.xcassets */; };
		A82D06042A522E9D004DC550 /* SettingsView.swift in Sources */ = {isa = PBXBuildFile; fileRef = A82D06032A522E9D004DC550 /* SettingsView.swift */; };
		A8380E9C2E69623200E9E58B /* TileEditorView.swift in Sources */ = {isa = PBXBuildFile; fileRef = A8380E9B2E69623200E9E58B /* TileEditorView.swift */; };
		A8380E9E2E69623400E9E58B /* CameraCaptureView.swift in Sources */ = {isa = PBXBuildFile; fileRef = A8380E9D2E69623400E9E58B /* CameraCaptureView.swift */; };
		A8380EA02E69627B00E9E58B /* PredictionService.swift in Sources */ = {isa = PBXBuildFile; fileRef = A8380E9F2E69627B00E9E58B /* PredictionService.swift */; };
		A8380EA22E69638900E9E58B /* PagesManagerView.swift in Sources */ = {isa = PBXBuildFile; fileRef = A8380EA12E69638900E9E58B /* PagesManagerView.swift */; };
		A8380EA42E69638F00E9E58B /* ExportService.swift in Sources */ = {isa = PBXBuildFile; fileRef = A8380EA32E69638F00E9E58B /* ExportService.swift */; };
		A84B3F222A59A9470013A493 /* HeaderView.swift in Sources */ = {isa = PBXBuildFile; fileRef = A84B3F212A59A9470013A493 /* HeaderView.swift */; };
		A84B3F262A59F3A30013A493 /* MessageView.swift in Sources */ = {isa = PBXBuildFile; fileRef = A84B3F252A59F3A30013A493 /* MessageView.swift */; };
		A88CBA0F2D0D0B93002A9798 /* SpeakerTestView.swift in Sources */ = {isa = PBXBuildFile; fileRef = A88CBA0E2D0D0B93002A9798 /* SpeakerTestView.swift */; };
		A8A99F032A8C5DC80013E6C7 /* PickerView.swift in Sources */ = {isa = PBXBuildFile; fileRef = A8A99F022A8C5DC80013E6C7 /* PickerView.swift */; };
		A8DAEC6A2E6918D40082027E /* Page.swift in Sources */ = {isa = PBXBuildFile; fileRef = A8DAEC692E6918D40082027E /* Page.swift */; };
		A8DAEC6C2E6918D60082027E /* Tile.swift in Sources */ = {isa = PBXBuildFile; fileRef = A8DAEC6B2E6918D60082027E /* Tile.swift */; };
		A8DAEC6E2E6918D90082027E /* TileGridView.swift in Sources */ = {isa = PBXBuildFile; fileRef = A8DAEC6D2E6918D90082027E /* TileGridView.swift */; };
		A8E222062D0FCF1B002710C0 /* FavoritesList.swift in Sources */ = {isa = PBXBuildFile; fileRef = A8E222052D0FCF1B002710C0 /* FavoritesList.swift */; };
/* End PBXBuildFile section */

/* Begin PBXFileReference section */
		A82D05EC2A522BBB004DC550 /* TalkToMe.app */ = {isa = PBXFileReference; explicitFileType = wrapper.application; includeInIndex = 0; path = TalkToMe.app; sourceTree = BUILT_PRODUCTS_DIR; };
		A82D05EF2A522BBB004DC550 /* TalkToMeApp.swift */ = {isa = PBXFileReference; lastKnownFileType = sourcecode.swift; path = TalkToMeApp.swift; sourceTree = "<group>"; };
		A82D05F12A522BBB004DC550 /* MainView.swift */ = {isa = PBXFileReference; lastKnownFileType = sourcecode.swift; path = MainView.swift; sourceTree = "<group>"; };
		A82D05F32A522BBC004DC550 /* Assets.xcassets */ = {isa = PBXFileReference; lastKnownFileType = folder.assetcatalog; path = Assets.xcassets; sourceTree = "<group>"; };
		A82D05F62A522BBC004DC550 /* Preview Assets.xcassets */ = {isa = PBXFileReference; lastKnownFileType = folder.assetcatalog; path = "Preview Assets.xcassets"; sourceTree = "<group>"; };
		A82D05FA2A522BBC004DC550 /* TalkToMe.entitlements */ = {isa = PBXFileReference; lastKnownFileType = text.plist.entitlements; path = TalkToMe.entitlements; sourceTree = "<group>"; };
		A82D05FB2A522BBC004DC550 /* Info.plist */ = {isa = PBXFileReference; lastKnownFileType = text.plist.xml; path = Info.plist; sourceTree = "<group>"; };
		A82D06032A522E9D004DC550 /* SettingsView.swift */ = {isa = PBXFileReference; lastKnownFileType = sourcecode.swift; path = SettingsView.swift; sourceTree = "<group>"; };
		A8380E9B2E69623200E9E58B /* TileEditorView.swift */ = {isa = PBXFileReference; lastKnownFileType = sourcecode.swift; path = TileEditorView.swift; sourceTree = "<group>"; };
		A8380E9D2E69623400E9E58B /* CameraCaptureView.swift */ = {isa = PBXFileReference; lastKnownFileType = sourcecode.swift; path = CameraCaptureView.swift; sourceTree = "<group>"; };
		A8380E9F2E69627B00E9E58B /* PredictionService.swift */ = {isa = PBXFileReference; lastKnownFileType = sourcecode.swift; path = PredictionService.swift; sourceTree = "<group>"; };
		A8380EA12E69638900E9E58B /* PagesManagerView.swift */ = {isa = PBXFileReference; lastKnownFileType = sourcecode.swift; path = PagesManagerView.swift; sourceTree = "<group>"; };
		A8380EA32E69638F00E9E58B /* ExportService.swift */ = {isa = PBXFileReference; lastKnownFileType = sourcecode.swift; path = ExportService.swift; sourceTree = "<group>"; };
		A84B3F212A59A9470013A493 /* HeaderView.swift */ = {isa = PBXFileReference; lastKnownFileType = sourcecode.swift; path = HeaderView.swift; sourceTree = "<group>"; };
		A84B3F252A59F3A30013A493 /* MessageView.swift */ = {isa = PBXFileReference; lastKnownFileType = sourcecode.swift; path = MessageView.swift; sourceTree = "<group>"; };
		A88CBA0E2D0D0B93002A9798 /* SpeakerTestView.swift */ = {isa = PBXFileReference; lastKnownFileType = sourcecode.swift; path = SpeakerTestView.swift; sourceTree = "<group>"; };
		A8A99F022A8C5DC80013E6C7 /* PickerView.swift */ = {isa = PBXFileReference; lastKnownFileType = sourcecode.swift; path = PickerView.swift; sourceTree = "<group>"; };
		A8DAEC692E6918D40082027E /* Page.swift */ = {isa = PBXFileReference; lastKnownFileType = sourcecode.swift; path = Page.swift; sourceTree = "<group>"; };
		A8DAEC6B2E6918D60082027E /* Tile.swift */ = {isa = PBXFileReference; lastKnownFileType = sourcecode.swift; path = Tile.swift; sourceTree = "<group>"; };
		A8DAEC6D2E6918D90082027E /* TileGridView.swift */ = {isa = PBXFileReference; lastKnownFileType = sourcecode.swift; path = TileGridView.swift; sourceTree = "<group>"; };
		A8E222052D0FCF1B002710C0 /* FavoritesList.swift */ = {isa = PBXFileReference; lastKnownFileType = sourcecode.swift; path = FavoritesList.swift; sourceTree = "<group>"; };
/* End PBXFileReference section */

/* Begin PBXFileSystemSynchronizedRootGroup section */
		A8E222072D0FDA22002710C0 /* Extras */ = {isa = PBXFileSystemSynchronizedRootGroup; explicitFileTypes = {}; explicitFolders = (); path = Extras; sourceTree = "<group>"; };
		A8E222082D0FDA3B002710C0 /* Models */ = {isa = PBXFileSystemSynchronizedRootGroup; explicitFileTypes = {}; explicitFolders = (); path = Models; sourceTree = "<group>"; };
/* End PBXFileSystemSynchronizedRootGroup section */

/* Begin PBXFrameworksBuildPhase section */
		A82D05E92A522BBA004DC550 /* Frameworks */ = {
			isa = PBXFrameworksBuildPhase;
			buildActionMask = 2147483647;
			files = (
			);
			runOnlyForDeploymentPostprocessing = 0;
		};
/* End PBXFrameworksBuildPhase section */

/* Begin PBXGroup section */
		A82D05E32A522BBA004DC550 = {
			isa = PBXGroup;
			children = (
				A82D05EE2A522BBB004DC550 /* TalkToMe */,
				A82D05ED2A522BBB004DC550 /* Products */,
			);
			sourceTree = "<group>";
		};
		A82D05ED2A522BBB004DC550 /* Products */ = {
			isa = PBXGroup;
			children = (
				A82D05EC2A522BBB004DC550 /* TalkToMe.app */,
			);
			name = Products;
			sourceTree = "<group>";
		};
		A82D05EE2A522BBB004DC550 /* TalkToMe */ = {
			isa = PBXGroup;
			children = (
				A82D05FA2A522BBC004DC550 /* TalkToMe.entitlements */,
				A82D05FB2A522BBC004DC550 /* Info.plist */,
				A82D05EF2A522BBB004DC550 /* TalkToMeApp.swift */,
				A84B3F292A59F6FD0013A493 /* Views */,
				A8E222082D0FDA3B002710C0 /* Models */,
				A8E222072D0FDA22002710C0 /* Extras */,
				A82D05F32A522BBC004DC550 /* Assets.xcassets */,
				A82D05F52A522BBC004DC550 /* Preview Content */,
				A8DAEC692E6918D40082027E /* Page.swift */,
				A8DAEC6B2E6918D60082027E /* Tile.swift */,
				A8DAEC6D2E6918D90082027E /* TileGridView.swift */,
				A8380E9B2E69623200E9E58B /* TileEditorView.swift */,
				A8380E9D2E69623400E9E58B /* CameraCaptureView.swift */,
				A8380E9F2E69627B00E9E58B /* PredictionService.swift */,
				A8380EA12E69638900E9E58B /* PagesManagerView.swift */,
				A8380EA32E69638F00E9E58B /* ExportService.swift */,
			);
			path = TalkToMe;
			sourceTree = "<group>";
		};
		A82D05F52A522BBC004DC550 /* Preview Content */ = {
			isa = PBXGroup;
			children = (
				A82D05F62A522BBC004DC550 /* Preview Assets.xcassets */,
			);
			path = "Preview Content";
			sourceTree = "<group>";
		};
		A84B3F292A59F6FD0013A493 /* Views */ = {
			isa = PBXGroup;
			children = (
				A82D05F12A522BBB004DC550 /* MainView.swift */,
				A84B3F252A59F3A30013A493 /* MessageView.swift */,
				A84B3F212A59A9470013A493 /* HeaderView.swift */,
				A8A99F022A8C5DC80013E6C7 /* PickerView.swift */,
				A88CBA0E2D0D0B93002A9798 /* SpeakerTestView.swift */,
				A8E222052D0FCF1B002710C0 /* FavoritesList.swift */,
				A82D06032A522E9D004DC550 /* SettingsView.swift */,
			);
			path = Views;
			sourceTree = "<group>";
		};
/* End PBXGroup section */

/* Begin PBXNativeTarget section */
		A82D05EB2A522BBA004DC550 /* TalkToMe */ = {
			isa = PBXNativeTarget;
			buildConfigurationList = A82D05FE2A522BBC004DC550 /* Build configuration list for PBXNativeTarget "TalkToMe" */;
			buildPhases = (
				A82D05E82A522BBA004DC550 /* Sources */,
				A82D05E92A522BBA004DC550 /* Frameworks */,
				A82D05EA2A522BBA004DC550 /* Resources */,
			);
			buildRules = (
			);
			dependencies = (
			);
			fileSystemSynchronizedGroups = (
				A8E222072D0FDA22002710C0 /* Extras */,
				A8E222082D0FDA3B002710C0 /* Models */,
			);
			name = TalkToMe;
			productName = TalkToMe;
			productReference = A82D05EC2A522BBB004DC550 /* TalkToMe.app */;
			productType = "com.apple.product-type.application";
		};
/* End PBXNativeTarget section */

/* Begin PBXProject section */
		A82D05E42A522BBA004DC550 /* Project object */ = {
			isa = PBXProject;
			attributes = {
				BuildIndependentTargetsInParallel = 1;
				LastSwiftUpdateCheck = 1500;
				LastUpgradeCheck = 1500;
				TargetAttributes = {
					A82D05EB2A522BBA004DC550 = {
						CreatedOnToolsVersion = 15.0;
					};
				};
			};
			buildConfigurationList = A82D05E72A522BBA004DC550 /* Build configuration list for PBXProject "TalkToMe" */;
			compatibilityVersion = "Xcode 14.0";
			developmentRegion = en;
			hasScannedForEncodings = 0;
			knownRegions = (
				en,
				Base,
			);
			mainGroup = A82D05E32A522BBA004DC550;
			productRefGroup = A82D05ED2A522BBB004DC550 /* Products */;
			projectDirPath = "";
			projectRoot = "";
			targets = (
				A82D05EB2A522BBA004DC550 /* TalkToMe */,
			);
		};
/* End PBXProject section */

/* Begin PBXResourcesBuildPhase section */
		A82D05EA2A522BBA004DC550 /* Resources */ = {
			isa = PBXResourcesBuildPhase;
			buildActionMask = 2147483647;
			files = (
				A82D05F72A522BBC004DC550 /* Preview Assets.xcassets in Resources */,
				A82D05F42A522BBC004DC550 /* Assets.xcassets in Resources */,
			);
			runOnlyForDeploymentPostprocessing = 0;
		};
/* End PBXResourcesBuildPhase section */

/* Begin PBXSourcesBuildPhase section */
		A82D05E82A522BBA004DC550 /* Sources */ = {
			isa = PBXSourcesBuildPhase;
			buildActionMask = 2147483647;
			files = (
				A8380E9E2E69623400E9E58B /* CameraCaptureView.swift in Sources */,
				A8DAEC6A2E6918D40082027E /* Page.swift in Sources */,
				A8DAEC6C2E6918D60082027E /* Tile.swift in Sources */,
				A82D05F22A522BBB004DC550 /* MainView.swift in Sources */,
				A8380EA02E69627B00E9E58B /* PredictionService.swift in Sources */,
				A8380EA42E69638F00E9E58B /* ExportService.swift in Sources */,
				A8DAEC6E2E6918D90082027E /* TileGridView.swift in Sources */,
				A82D05F02A522BBB004DC550 /* TalkToMeApp.swift in Sources */,
				A84B3F262A59F3A30013A493 /* MessageView.swift in Sources */,
				A8380EA22E69638900E9E58B /* PagesManagerView.swift in Sources */,
				A88CBA0F2D0D0B93002A9798 /* SpeakerTestView.swift in Sources */,
				A84B3F222A59A9470013A493 /* HeaderView.swift in Sources */,
				A82D06042A522E9D004DC550 /* SettingsView.swift in Sources */,
				A8A99F032A8C5DC80013E6C7 /* PickerView.swift in Sources */,
				A8E222062D0FCF1B002710C0 /* FavoritesList.swift in Sources */,
				A8380E9C2E69623200E9E58B /* TileEditorView.swift in Sources */,
			);
			runOnlyForDeploymentPostprocessing = 0;
		};
/* End PBXSourcesBuildPhase section */

/* Begin XCBuildConfiguration section */
		A82D05FC2A522BBC004DC550 /* Debug */ = {
			isa = XCBuildConfiguration;
			buildSettings = {
				ALWAYS_SEARCH_USER_PATHS = NO;
				ASSETCATALOG_COMPILER_GENERATE_SWIFT_ASSET_SYMBOL_EXTENSIONS = YES;
				CLANG_ANALYZER_NONNULL = YES;
				CLANG_ANALYZER_NUMBER_OBJECT_CONVERSION = YES_AGGRESSIVE;
				CLANG_CXX_LANGUAGE_STANDARD = "gnu++20";
				CLANG_ENABLE_MODULES = YES;
				CLANG_ENABLE_OBJC_ARC = YES;
				CLANG_ENABLE_OBJC_WEAK = YES;
				CLANG_WARN_BLOCK_CAPTURE_AUTORELEASING = YES;
				CLANG_WARN_BOOL_CONVERSION = YES;
				CLANG_WARN_COMMA = YES;
				CLANG_WARN_CONSTANT_CONVERSION = YES;
				CLANG_WARN_DEPRECATED_OBJC_IMPLEMENTATIONS = YES;
				CLANG_WARN_DIRECT_OBJC_ISA_USAGE = YES_ERROR;
				CLANG_WARN_DOCUMENTATION_COMMENTS = YES;
				CLANG_WARN_EMPTY_BODY = YES;
				CLANG_WARN_ENUM_CONVERSION = YES;
				CLANG_WARN_INFINITE_RECURSION = YES;
				CLANG_WARN_INT_CONVERSION = YES;
				CLANG_WARN_NON_LITERAL_NULL_CONVERSION = YES;
				CLANG_WARN_OBJC_IMPLICIT_RETAIN_SELF = YES;
				CLANG_WARN_OBJC_LITERAL_CONVERSION = YES;
				CLANG_WARN_OBJC_ROOT_CLASS = YES_ERROR;
				CLANG_WARN_QUOTED_INCLUDE_IN_FRAMEWORK_HEADER = YES;
				CLANG_WARN_RANGE_LOOP_ANALYSIS = YES;
				CLANG_WARN_STRICT_PROTOTYPES = YES;
				CLANG_WARN_SUSPICIOUS_MOVE = YES;
				CLANG_WARN_UNGUARDED_AVAILABILITY = YES_AGGRESSIVE;
				CLANG_WARN_UNREACHABLE_CODE = YES;
				CLANG_WARN__DUPLICATE_METHOD_MATCH = YES;
				COPY_PHASE_STRIP = NO;
				DEBUG_INFORMATION_FORMAT = dwarf;
				ENABLE_STRICT_OBJC_MSGSEND = YES;
				ENABLE_TESTABILITY = YES;
				ENABLE_USER_SCRIPT_SANDBOXING = YES;
				GCC_C_LANGUAGE_STANDARD = gnu17;
				GCC_DYNAMIC_NO_PIC = NO;
				GCC_NO_COMMON_BLOCKS = YES;
				GCC_OPTIMIZATION_LEVEL = 0;
				GCC_PREPROCESSOR_DEFINITIONS = (
					"DEBUG=1",
					"$(inherited)",
				);
				GCC_WARN_64_TO_32_BIT_CONVERSION = YES;
				GCC_WARN_ABOUT_RETURN_TYPE = YES_ERROR;
				GCC_WARN_UNDECLARED_SELECTOR = YES;
				GCC_WARN_UNINITIALIZED_AUTOS = YES_AGGRESSIVE;
				GCC_WARN_UNUSED_FUNCTION = YES;
				GCC_WARN_UNUSED_VARIABLE = YES;
				IPHONEOS_DEPLOYMENT_TARGET = 17.0;
				LOCALIZATION_PREFERS_STRING_CATALOGS = YES;
				MTL_ENABLE_DEBUG_INFO = INCLUDE_SOURCE;
				MTL_FAST_MATH = YES;
				ONLY_ACTIVE_ARCH = YES;
				SDKROOT = iphoneos;
				SWIFT_ACTIVE_COMPILATION_CONDITIONS = "DEBUG $(inherited)";
				SWIFT_OPTIMIZATION_LEVEL = "-Onone";
			};
			name = Debug;
		};
		A82D05FD2A522BBC004DC550 /* Release */ = {
			isa = XCBuildConfiguration;
			buildSettings = {
				ALWAYS_SEARCH_USER_PATHS = NO;
				ASSETCATALOG_COMPILER_GENERATE_SWIFT_ASSET_SYMBOL_EXTENSIONS = YES;
				CLANG_ANALYZER_NONNULL = YES;
				CLANG_ANALYZER_NUMBER_OBJECT_CONVERSION = YES_AGGRESSIVE;
				CLANG_CXX_LANGUAGE_STANDARD = "gnu++20";
				CLANG_ENABLE_MODULES = YES;
				CLANG_ENABLE_OBJC_ARC = YES;
				CLANG_ENABLE_OBJC_WEAK = YES;
				CLANG_WARN_BLOCK_CAPTURE_AUTORELEASING = YES;
				CLANG_WARN_BOOL_CONVERSION = YES;
				CLANG_WARN_COMMA = YES;
				CLANG_WARN_CONSTANT_CONVERSION = YES;
				CLANG_WARN_DEPRECATED_OBJC_IMPLEMENTATIONS = YES;
				CLANG_WARN_DIRECT_OBJC_ISA_USAGE = YES_ERROR;
				CLANG_WARN_DOCUMENTATION_COMMENTS = YES;
				CLANG_WARN_EMPTY_BODY = YES;
				CLANG_WARN_ENUM_CONVERSION = YES;
				CLANG_WARN_INFINITE_RECURSION = YES;
				CLANG_WARN_INT_CONVERSION = YES;
				CLANG_WARN_NON_LITERAL_NULL_CONVERSION = YES;
				CLANG_WARN_OBJC_IMPLICIT_RETAIN_SELF = YES;
				CLANG_WARN_OBJC_LITERAL_CONVERSION = YES;
				CLANG_WARN_OBJC_ROOT_CLASS = YES_ERROR;
				CLANG_WARN_QUOTED_INCLUDE_IN_FRAMEWORK_HEADER = YES;
				CLANG_WARN_RANGE_LOOP_ANALYSIS = YES;
				CLANG_WARN_STRICT_PROTOTYPES = YES;
				CLANG_WARN_SUSPICIOUS_MOVE = YES;
				CLANG_WARN_UNGUARDED_AVAILABILITY = YES_AGGRESSIVE;
				CLANG_WARN_UNREACHABLE_CODE = YES;
				CLANG_WARN__DUPLICATE_METHOD_MATCH = YES;
				COPY_PHASE_STRIP = NO;
				DEBUG_INFORMATION_FORMAT = "dwarf-with-dsym";
				ENABLE_NS_ASSERTIONS = NO;
				ENABLE_STRICT_OBJC_MSGSEND = YES;
				ENABLE_USER_SCRIPT_SANDBOXING = YES;
				GCC_C_LANGUAGE_STANDARD = gnu17;
				GCC_NO_COMMON_BLOCKS = YES;
				GCC_WARN_64_TO_32_BIT_CONVERSION = YES;
				GCC_WARN_ABOUT_RETURN_TYPE = YES_ERROR;
				GCC_WARN_UNDECLARED_SELECTOR = YES;
				GCC_WARN_UNINITIALIZED_AUTOS = YES_AGGRESSIVE;
				GCC_WARN_UNUSED_FUNCTION = YES;
				GCC_WARN_UNUSED_VARIABLE = YES;
				IPHONEOS_DEPLOYMENT_TARGET = 17.0;
				LOCALIZATION_PREFERS_STRING_CATALOGS = YES;
				MTL_ENABLE_DEBUG_INFO = NO;
				MTL_FAST_MATH = YES;
				SDKROOT = iphoneos;
				SWIFT_COMPILATION_MODE = wholemodule;
				VALIDATE_PRODUCT = YES;
			};
			name = Release;
		};
		A82D05FF2A522BBC004DC550 /* Debug */ = {
			isa = XCBuildConfiguration;
			buildSettings = {
				ASSETCATALOG_COMPILER_APPICON_NAME = AppIcon;
				ASSETCATALOG_COMPILER_GLOBAL_ACCENT_COLOR_NAME = AccentColor;
				CODE_SIGN_ENTITLEMENTS = TalkToMe/TalkToMe.entitlements;
				CODE_SIGN_STYLE = Automatic;
				CURRENT_PROJECT_VERSION = 1;
				DEVELOPMENT_ASSET_PATHS = "\"TalkToMe/Preview Content\"";
				DEVELOPMENT_TEAM = 8KD95CCYA7;
				ENABLE_PREVIEWS = YES;
				GENERATE_INFOPLIST_FILE = YES;
				INFOPLIST_FILE = TalkToMe/Info.plist;
				INFOPLIST_KEY_UIApplicationSceneManifest_Generation = YES;
				INFOPLIST_KEY_UIApplicationSupportsIndirectInputEvents = YES;
				INFOPLIST_KEY_UILaunchScreen_Generation = YES;
				INFOPLIST_KEY_UIRequiresFullScreen = YES;
				INFOPLIST_KEY_UISupportedInterfaceOrientations = "UIInterfaceOrientationLandscapeLeft UIInterfaceOrientationLandscapeRight";
				IPHONEOS_DEPLOYMENT_TARGET = 26.0;
				LD_RUNPATH_SEARCH_PATHS = (
					"$(inherited)",
					"@executable_path/Frameworks",
				);
				MARKETING_VERSION = 1.0;
				PRODUCT_BUNDLE_IDENTIFIER = com.UsefulApps.TalkToMe;
				PRODUCT_NAME = "$(TARGET_NAME)";
				SWIFT_EMIT_LOC_STRINGS = YES;
				SWIFT_VERSION = 5.0;
				TARGETED_DEVICE_FAMILY = "1,2";
			};
			name = Debug;
		};
		A82D06002A522BBC004DC550 /* Release */ = {
			isa = XCBuildConfiguration;
			buildSettings = {
				ASSETCATALOG_COMPILER_APPICON_NAME = AppIcon;
				ASSETCATALOG_COMPILER_GLOBAL_ACCENT_COLOR_NAME = AccentColor;
				CODE_SIGN_ENTITLEMENTS = TalkToMe/TalkToMe.entitlements;
				CODE_SIGN_STYLE = Automatic;
				CURRENT_PROJECT_VERSION = 1;
				DEVELOPMENT_ASSET_PATHS = "\"TalkToMe/Preview Content\"";
				DEVELOPMENT_TEAM = 8KD95CCYA7;
				ENABLE_PREVIEWS = YES;
				GENERATE_INFOPLIST_FILE = YES;
				INFOPLIST_FILE = TalkToMe/Info.plist;
				INFOPLIST_KEY_UIApplicationSceneManifest_Generation = YES;
				INFOPLIST_KEY_UIApplicationSupportsIndirectInputEvents = YES;
				INFOPLIST_KEY_UILaunchScreen_Generation = YES;
				INFOPLIST_KEY_UIRequiresFullScreen = YES;
				INFOPLIST_KEY_UISupportedInterfaceOrientations = "UIInterfaceOrientationLandscapeLeft UIInterfaceOrientationLandscapeRight";
				IPHONEOS_DEPLOYMENT_TARGET = 26.0;
				LD_RUNPATH_SEARCH_PATHS = (
					"$(inherited)",
					"@executable_path/Frameworks",
				);
				MARKETING_VERSION = 1.0;
				PRODUCT_BUNDLE_IDENTIFIER = com.UsefulApps.TalkToMe;
				PRODUCT_NAME = "$(TARGET_NAME)";
				SWIFT_EMIT_LOC_STRINGS = YES;
				SWIFT_VERSION = 5.0;
				TARGETED_DEVICE_FAMILY = "1,2";
			};
			name = Release;
		};
/* End XCBuildConfiguration section */

/* Begin XCConfigurationList section */
		A82D05E72A522BBA004DC550 /* Build configuration list for PBXProject "TalkToMe" */ = {
			isa = XCConfigurationList;
			buildConfigurations = (
				A82D05FC2A522BBC004DC550 /* Debug */,
				A82D05FD2A522BBC004DC550 /* Release */,
			);
			defaultConfigurationIsVisible = 0;
			defaultConfigurationName = Release;
		};
		A82D05FE2A522BBC004DC550 /* Build configuration list for PBXNativeTarget "TalkToMe" */ = {
			isa = XCConfigurationList;
			buildConfigurations = (
				A82D05FF2A522BBC004DC550 /* Debug */,
				A82D06002A522BBC004DC550 /* Release */,
			);
			defaultConfigurationIsVisible = 0;
			defaultConfigurationName = Release;
		};
/* End XCConfigurationList section */
	};
	rootObject = A82D05E42A522BBA004DC550 /* Project object */;
}
